dependencies:
- name: postgresql
  repository: https://charts.bitnami.com/bitnami
  version: 12.1.3
- name: airflow
  repository: https://airflow.apache.org/
  version: 1.7.0
digest: sha256:b0c213c401c3de0451ac9147a2cce84024cdcb1f484f1c6332b0b3e342799458
generated: "2022-12-04T12:39:35.52936726+01:00"
